
Microsoft Visual Studio Solution File, Format Version 12.00
Project("{FAE04EC0-301F-11D3-BF4B-00C04F79EFBC}") = "Dino.Core", "src\Dino.Core\Dino.Core.csproj", "{19431F04-07BF-4488-9A6B-AC5E081C1CD6}"
EndProject
Project("{FAE04EC0-301F-11D3-BF4B-00C04F79EFBC}") = "Dino.EFCore", "src\Dino.EFCore\Dino.EFCore.csproj", "{0659F6B5-5BE2-462A-B9DB-E76967DD60DB}"
EndProject
Project("{FAE04EC0-301F-11D3-BF4B-00C04F79EFBC}") = "Dino.Core.Tests", "tests\Dino.Core.Tests\Dino.Core.Tests.csproj", "{5F38C15C-3095-4754-9601-5707E3484B5D}"
EndProject
Project("{FAE04EC0-301F-11D3-BF4B-00C04F79EFBC}") = "Dino.EFCore.Tests", "tests\Dino.EFCore.Tests\Dino.EFCore.Tests.csproj", "{DC556C4E-1A50-4DB0-8A7B-A042E67D4F66}"
EndProject
Project("{2150E333-8FDC-42A3-9474-1A3956D46DE8}") = "Markdowns", "Markdowns", "{BB72F678-1B6D-4BFC-A1B9-E298C4FD7BB3}"
	ProjectSection(SolutionItems) = preProject
		CONTRIBUTING.md = CONTRIBUTING.md
		README.md = README.md
		CHANGELOG.md = CHANGELOG.md
	EndProjectSection
EndProject
Project("{FAE04EC0-301F-11D3-BF4B-00C04F79EFBC}") = "Dino.Sample", "samples\Dino.Sample\Dino.Sample.csproj", "{90F4565D-171F-4B99-86B4-1CAB21B288D6}"
EndProject
Project("{FAE04EC0-301F-11D3-BF4B-00C04F79EFBC}") = "Dino.QuickStart", "samples\Dino.QuickStart\Dino.QuickStart.csproj", "{E152839B-7084-49A6-A712-0A873DC75F2B}"
EndProject
Project("{2150E333-8FDC-42A3-9474-1A3956D46DE8}") = "Scripts", "Scripts", "{B3A05E69-B839-411A-A068-07095BF10391}"
	ProjectSection(SolutionItems) = preProject
		Scripts\build-packages.ps1 = Scripts\build-packages.ps1
	EndProjectSection
EndProject
Global
	GlobalSection(SolutionConfigurationPlatforms) = preSolution
		Debug|Any CPU = Debug|Any CPU
		Release|Any CPU = Release|Any CPU
	EndGlobalSection
	GlobalSection(ProjectConfigurationPlatforms) = postSolution
		{19431F04-07BF-4488-9A6B-AC5E081C1CD6}.Debug|Any CPU.ActiveCfg = Debug|Any CPU
		{19431F04-07BF-4488-9A6B-AC5E081C1CD6}.Debug|Any CPU.Build.0 = Debug|Any CPU
		{19431F04-07BF-4488-9A6B-AC5E081C1CD6}.Release|Any CPU.ActiveCfg = Release|Any CPU
		{19431F04-07BF-4488-9A6B-AC5E081C1CD6}.Release|Any CPU.Build.0 = Release|Any CPU
		{0659F6B5-5BE2-462A-B9DB-E76967DD60DB}.Debug|Any CPU.ActiveCfg = Debug|Any CPU
		{0659F6B5-5BE2-462A-B9DB-E76967DD60DB}.Debug|Any CPU.Build.0 = Debug|Any CPU
		{0659F6B5-5BE2-462A-B9DB-E76967DD60DB}.Release|Any CPU.ActiveCfg = Release|Any CPU
		{0659F6B5-5BE2-462A-B9DB-E76967DD60DB}.Release|Any CPU.Build.0 = Release|Any CPU
		{5F38C15C-3095-4754-9601-5707E3484B5D}.Debug|Any CPU.ActiveCfg = Debug|Any CPU
		{5F38C15C-3095-4754-9601-5707E3484B5D}.Debug|Any CPU.Build.0 = Debug|Any CPU
		{5F38C15C-3095-4754-9601-5707E3484B5D}.Release|Any CPU.ActiveCfg = Release|Any CPU
		{5F38C15C-3095-4754-9601-5707E3484B5D}.Release|Any CPU.Build.0 = Release|Any CPU
		{DC556C4E-1A50-4DB0-8A7B-A042E67D4F66}.Debug|Any CPU.ActiveCfg = Debug|Any CPU
		{DC556C4E-1A50-4DB0-8A7B-A042E67D4F66}.Debug|Any CPU.Build.0 = Debug|Any CPU
		{DC556C4E-1A50-4DB0-8A7B-A042E67D4F66}.Release|Any CPU.ActiveCfg = Release|Any CPU
		{DC556C4E-1A50-4DB0-8A7B-A042E67D4F66}.Release|Any CPU.Build.0 = Release|Any CPU
		{90F4565D-171F-4B99-86B4-1CAB21B288D6}.Debug|Any CPU.ActiveCfg = Debug|Any CPU
		{90F4565D-171F-4B99-86B4-1CAB21B288D6}.Debug|Any CPU.Build.0 = Debug|Any CPU
		{90F4565D-171F-4B99-86B4-1CAB21B288D6}.Release|Any CPU.ActiveCfg = Release|Any CPU
		{90F4565D-171F-4B99-86B4-1CAB21B288D6}.Release|Any CPU.Build.0 = Release|Any CPU
		{E152839B-7084-49A6-A712-0A873DC75F2B}.Debug|Any CPU.ActiveCfg = Debug|Any CPU
		{E152839B-7084-49A6-A712-0A873DC75F2B}.Debug|Any CPU.Build.0 = Debug|Any CPU
		{E152839B-7084-49A6-A712-0A873DC75F2B}.Release|Any CPU.ActiveCfg = Release|Any CPU
		{E152839B-7084-49A6-A712-0A873DC75F2B}.Release|Any CPU.Build.0 = Release|Any CPU
	EndGlobalSection
EndGlobal
